version = 1
requires-python = ">=3.12"

[[package]]
name = "basedpyright"
version = "1.19.0"
source = { registry = "https://pypi.org/simple" }
dependencies = [
    { name = "nodejs-wheel-binaries" },
]
sdist = { url = "https://files.pythonhosted.org/packages/40/33/ac61d462e81a3a6310c36680911b7d8be5d940d9112a73e7d93317b9d187/basedpyright-1.19.0.tar.gz", hash = "sha256:847d9c75ca691c9ff0661c800e830c23b32c65793b97a4386db9cbf52c1a168a", size = 53321760 }
wheels = [
    { url = "https://files.pythonhosted.org/packages/39/32/8b17adbda1e0d7e000cb939c168d1b7cbcdecfb0354ecc9c397c0d2044da/basedpyright-1.19.0-py3-none-any.whl", hash = "sha256:78f2fc2e5d3f2cc1c4dfae351f9d45aa52917bfb0e9a103579a4bb005f097bec", size = 11165831 },
]

[[package]]
name = "more-itertools"
version = "10.5.0"
source = { editable = "packages/more-itertools" }

[[package]]
name = "nodejs-wheel-binaries"
version = "20.18.0"
source = { registry = "https://pypi.org/simple" }
sdist = { url = "https://files.pythonhosted.org/packages/b8/8b/119ab02492636261958f2b219471be193c58870a27072248053571e5a657/nodejs_wheel_binaries-20.18.0.tar.gz", hash = "sha256:1d574a3d0e503b42414e80b4529da9fc71104b0d5e1d75606b3fb5802960fb6f", size = 6933 }
wheels = [
    { url = "https://files.pythonhosted.org/packages/52/bd/3a87efc6c746487b9996515adf477a908f33dbd47b5a0865e4e0e1c8b11e/nodejs_wheel_binaries-20.18.0-py2.py3-none-macosx_10_15_x86_64.whl", hash = "sha256:74273eab1c2423c04d034d3f707f517da32d3a2b20ca244b5667f3a4e38003ac", size = 45323646 },
    { url = "https://files.pythonhosted.org/packages/03/b1/c07f24a759d7c9de5a7a56cdc60feb50739cdd4198822b077099698dcf35/nodejs_wheel_binaries-20.18.0-py2.py3-none-macosx_11_0_arm64.whl", hash = "sha256:f95fb0989dfc54fd6932850e589000a8d6fc902527cebe7afd747696561d94b8", size = 44670947 },
    { url = "https://files.pythonhosted.org/packages/81/ab/6e08de4aa76eefb144085a2c336488b4312516e0cfce1acee0e532450f8b/nodejs_wheel_binaries-20.18.0-py2.py3-none-manylinux_2_17_aarch64.manylinux2014_aarch64.whl", hash = "sha256:f62e38288d3a129b962dcba61b911d72b3d691935b8a2facfc0fa9433d9260b5", size = 49627957 },
    { url = "https://files.pythonhosted.org/packages/24/65/03e263c82c2513a1f165ee7669e677ebbb95b90c141a8407fc5f79acbbd4/nodejs_wheel_binaries-20.18.0-py2.py3-none-manylinux_2_17_x86_64.manylinux2014_x86_64.whl", hash = "sha256:33b138288dbeb9aafc6d54f43fbca6545b37e8fd9cbb8f68275ff2a47d4fed07", size = 49821713 },
    { url = "https://files.pythonhosted.org/packages/f5/f9/39bfe5d27c1cada5b940cb318865d71606ecf7ab6f4b5a696f76846b2217/nodejs_wheel_binaries-20.18.0-py2.py3-none-musllinux_1_2_x86_64.whl", hash = "sha256:bb4009d4d6abfb6765fabb62f322efdc520b6930d041af1d7f64d58445ce3e91", size = 51929574 },
    { url = "https://files.pythonhosted.org/packages/d0/90/921823227b4d49b9dadf9f38d072b5f28f883b0f83e697489de0f9c24674/nodejs_wheel_binaries-20.18.0-py2.py3-none-win_amd64.whl", hash = "sha256:51c0cecb429a111351a54346909e672a57b96233a363c79cc0a2bbdbfa397304", size = 33985033 },
]

[[package]]
name = "package-a"
version = "0.1.0"
source = { editable = "packages/package_a" }
dependencies = [
    { name = "more-itertools" },
]

[package.metadata]
requires-dist = [{ name = "more-itertools", specifier = "==10.5.0" }]

[[package]]
name = "uv-path-dependencies-test"
version = "0.1.0"
source = { virtual = "." }
dependencies = [
    { name = "more-itertools" },
    { name = "package-a" },
]

[package.dev-dependencies]
dev = [
    { name = "basedpyright" },
]

[package.metadata]
requires-dist = [
    { name = "more-itertools", editable = "packages/more-itertools" },
    { name = "package-a", editable = "packages/package_a" },
]

[package.metadata.requires-dev]
dev = [{ name = "basedpyright", specifier = ">=1.19.0" }]
